// !$*UTF8*$!
{
	archiveVersion = 1;
	classes = {
	};
	objectVersion = 46;
	objects = {

/* Begin PBXBuildFile section */
		84954B261A056B840091E43E /* main.m in Sources */ = {isa = PBXBuildFile; fileRef = 84954B251A056B840091E43E /* main.m */; };
		84954B291A056B840091E43E /* AppDelegate.m in Sources */ = {isa = PBXBuildFile; fileRef = 84954B281A056B840091E43E /* AppDelegate.m */; };
		84954B2C1A056B840091E43E /* ToDoViewController.m in Sources */ = {isa = PBXBuildFile; fileRef = 84954B2B1A056B840091E43E /* ToDoViewController.m */; };
		84954B2F1A056B840091E43E /* Main.storyboard in Resources */ = {isa = PBXBuildFile; fileRef = 84954B2D1A056B840091E43E /* Main.storyboard */; };
		84954B311A056B840091E43E /* Images.xcassets in Resources */ = {isa = PBXBuildFile; fileRef = 84954B301A056B840091E43E /* Images.xcassets */; };
		84954B341A056B840091E43E /* LaunchScreen.xib in Resources */ = {isa = PBXBuildFile; fileRef = 84954B321A056B840091E43E /* LaunchScreen.xib */; };
		84954B401A056B850091E43E /* TourDiaryTests.m in Sources */ = {isa = PBXBuildFile; fileRef = 84954B3F1A056B850091E43E /* TourDiaryTests.m */; };
		849968171A06331300CFA2F3 /* ToDoItem.m in Sources */ = {isa = PBXBuildFile; fileRef = 849968161A06331300CFA2F3 /* ToDoItem.m */; };
/* End PBXBuildFile section */

/* Begin PBXContainerItemProxy section */
		84954B3A1A056B850091E43E /* PBXContainerItemProxy */ = {
			isa = PBXContainerItemProxy;
			containerPortal = 84954B181A056B840091E43E /* Project object */;
			proxyType = 1;
			remoteGlobalIDString = 84954B1F1A056B840091E43E;
			remoteInfo = TourDiary;
		};
/* End PBXContainerItemProxy section */

/* Begin PBXFileReference section */
		84954B201A056B840091E43E /* TourDiary.app */ = {isa = PBXFileReference; explicitFileType = wrapper.application; includeInIndex = 0; path = TourDiary.app; sourceTree = BUILT_PRODUCTS_DIR; };
		84954B241A056B840091E43E /* Info.plist */ = {isa = PBXFileReference; lastKnownFileType = text.plist.xml; path = Info.plist; sourceTree = "<group>"; };
		84954B251A056B840091E43E /* main.m */ = {isa = PBXFileReference; lastKnownFileType = sourcecode.c.objc; path = main.m; sourceTree = "<group>"; };
		84954B271A056B840091E43E /* AppDelegate.h */ = {isa = PBXFileReference; lastKnownFileType = sourcecode.c.h; path = AppDelegate.h; sourceTree = "<group>"; };
		84954B281A056B840091E43E /* AppDelegate.m */ = {isa = PBXFileReference; lastKnownFileType = sourcecode.c.objc; path = AppDelegate.m; sourceTree = "<group>"; };
		84954B2A1A056B840091E43E /* ToDoViewController.h */ = {isa = PBXFileReference; lastKnownFileType = sourcecode.c.h; path = ToDoViewController.h; sourceTree = "<group>"; };
		84954B2B1A056B840091E43E /* ToDoViewController.m */ = {isa = PBXFileReference; lastKnownFileType = sourcecode.c.objc; path = ToDoViewController.m; sourceTree = "<group>"; };
		84954B2E1A056B840091E43E /* Base */ = {isa = PBXFileReference; lastKnownFileType = file.storyboard; name = Base; path = Base.lproj/Main.storyboard; sourceTree = "<group>"; };
		84954B301A056B840091E43E /* Images.xcassets */ = {isa = PBXFileReference; lastKnownFileType = folder.assetcatalog; path = Images.xcassets; sourceTree = "<group>"; };
		84954B331A056B840091E43E /* Base */ = {isa = PBXFileReference; lastKnownFileType = file.xib; name = Base; path = Base.lproj/LaunchScreen.xib; sourceTree = "<group>"; };
		84954B391A056B840091E43E /* TourDiaryTests.xctest */ = {isa = PBXFileReference; explicitFileType = wrapper.cfbundle; includeInIndex = 0; path = TourDiaryTests.xctest; sourceTree = BUILT_PRODUCTS_DIR; };
		84954B3E1A056B850091E43E /* Info.plist */ = {isa = PBXFileReference; lastKnownFileType = text.plist.xml; path = Info.plist; sourceTree = "<group>"; };
		84954B3F1A056B850091E43E /* TourDiaryTests.m */ = {isa = PBXFileReference; lastKnownFileType = sourcecode.c.objc; path = TourDiaryTests.m; sourceTree = "<group>"; };
		849968151A06331300CFA2F3 /* ToDoItem.h */ = {isa = PBXFileReference; fileEncoding = 4; lastKnownFileType = sourcecode.c.h; path = ToDoItem.h; sourceTree = "<group>"; };
		849968161A06331300CFA2F3 /* ToDoItem.m */ = {isa = PBXFileReference; fileEncoding = 4; lastKnownFileType = sourcecode.c.objc; path = ToDoItem.m; sourceTree = "<group>"; };
/* End PBXFileReference section */

/* Begin PBXFrameworksBuildPhase section */
		84954B1D1A056B840091E43E /* Frameworks */ = {
			isa = PBXFrameworksBuildPhase;
			buildActionMask = 2147483647;
			files = (
			);
			runOnlyForDeploymentPostprocessing = 0;
		};
		84954B361A056B840091E43E /* Frameworks */ = {
			isa = PBXFrameworksBuildPhase;
			buildActionMask = 2147483647;
			files = (
			);
			runOnlyForDeploymentPostprocessing = 0;
		};
/* End PBXFrameworksBuildPhase section */

/* Begin PBXGroup section */
		84954B171A056B840091E43E = {
			isa = PBXGroup;
			children = (
				84954B221A056B840091E43E /* TourDiary */,
				84954B3C1A056B850091E43E /* TourDiaryTests */,
				84954B211A056B840091E43E /* Products */,
			);
			sourceTree = "<group>";
		};
		84954B211A056B840091E43E /* Products */ = {
			isa = PBXGroup;
			children = (
				84954B201A056B840091E43E /* TourDiary.app */,
				84954B391A056B840091E43E /* TourDiaryTests.xctest */,
			);
			name = Products;
			sourceTree = "<group>";
		};
		84954B221A056B840091E43E /* TourDiary */ = {
			isa = PBXGroup;
			children = (
				84954B271A056B840091E43E /* AppDelegate.h */,
				84954B281A056B840091E43E /* AppDelegate.m */,
				84954B2A1A056B840091E43E /* ToDoViewController.h */,
				84954B2B1A056B840091E43E /* ToDoViewController.m */,
				84954B2D1A056B840091E43E /* Main.storyboard */,
				849968151A06331300CFA2F3 /* ToDoItem.h */,
				849968161A06331300CFA2F3 /* ToDoItem.m */,
				84954B301A056B840091E43E /* Images.xcassets */,
				84954B321A056B840091E43E /* LaunchScreen.xib */,
				84954B231A056B840091E43E /* Supporting Files */,
			);
			path = TourDiary;
			sourceTree = "<group>";
		};
		84954B231A056B840091E43E /* Supporting Files */ = {
			isa = PBXGroup;
			children = (
				84954B241A056B840091E43E /* Info.plist */,
				84954B251A056B840091E43E /* main.m */,
			);
			name = "Supporting Files";
			sourceTree = "<group>";
		};
		84954B3C1A056B850091E43E /* TourDiaryTests */ = {
			isa = PBXGroup;
			children = (
				84954B3F1A056B850091E43E /* TourDiaryTests.m */,
				84954B3D1A056B850091E43E /* Supporting Files */,
			);
			path = TourDiaryTests;
			sourceTree = "<group>";
		};
		84954B3D1A056B850091E43E /* Supporting Files */ = {
			isa = PBXGroup;
			children = (
				84954B3E1A056B850091E43E /* Info.plist */,
			);
			name = "Supporting Files";
			sourceTree = "<group>";
		};
/* End PBXGroup section */

/* Begin PBXNativeTarget section */
		84954B1F1A056B840091E43E /* TourDiary */ = {
			isa = PBXNativeTarget;
			buildConfigurationList = 84954B431A056B850091E43E /* Build configuration list for PBXNativeTarget "TourDiary" */;
			buildPhases = (
				84954B1C1A056B840091E43E /* Sources */,
				84954B1D1A056B840091E43E /* Frameworks */,
				84954B1E1A056B840091E43E /* Resources */,
			);
			buildRules = (
			);
			dependencies = (
			);
			name = TourDiary;
			productName = TourDiary;
			productReference = 84954B201A056B840091E43E /* TourDiary.app */;
			productType = "com.apple.product-type.application";
		};
		84954B381A056B840091E43E /* TourDiaryTests */ = {
			isa = PBXNativeTarget;
			buildConfigurationList = 84954B461A056B850091E43E /* Build configuration list for PBXNativeTarget "TourDiaryTests" */;
			buildPhases = (
				84954B351A056B840091E43E /* Sources */,
				84954B361A056B840091E43E /* Frameworks */,
				84954B371A056B840091E43E /* Resources */,
			);
			buildRules = (
			);
			dependencies = (
				84954B3B1A056B850091E43E /* PBXTargetDependency */,
			);
			name = TourDiaryTests;
			productName = TourDiaryTests;
			productReference = 84954B391A056B840091E43E /* TourDiaryTests.xctest */;
			productType = "com.apple.product-type.bundle.unit-test";
		};
/* End PBXNativeTarget section */

/* Begin PBXProject section */
		84954B181A056B840091E43E /* Project object */ = {
			isa = PBXProject;
			attributes = {
				LastUpgradeCheck = 0610;
				ORGANIZATIONNAME = brezoev;
				TargetAttributes = {
					84954B1F1A056B840091E43E = {
						CreatedOnToolsVersion = 6.1;
					};
					84954B381A056B840091E43E = {
						CreatedOnToolsVersion = 6.1;
						TestTargetID = 84954B1F1A056B840091E43E;
					};
				};
			};
			buildConfigurationList = 84954B1B1A056B840091E43E /* Build configuration list for PBXProject "TourDiary" */;
			compatibilityVersion = "Xcode 3.2";
			developmentRegion = English;
			hasScannedForEncodings = 0;
			knownRegions = (
				en,
				Base,
			);
			mainGroup = 84954B171A056B840091E43E;
			productRefGroup = 84954B211A056B840091E43E /* Products */;
			projectDirPath = "";
			projectRoot = "";
			targets = (
				84954B1F1A056B840091E43E /* TourDiary */,
				84954B381A056B840091E43E /* TourDiaryTests */,
			);
		};
/* End PBXProject section */

/* Begin PBXResourcesBuildPhase section */
		84954B1E1A056B840091E43E /* Resources */ = {
			isa = PBXResourcesBuildPhase;
			buildActionMask = 2147483647;
			files = (
				84954B2F1A056B840091E43E /* Main.storyboard in Resources */,
				84954B341A056B840091E43E /* LaunchScreen.xib in Resources */,
				84954B311A056B840091E43E /* Images.xcassets in Resources */,
			);
			runOnlyForDeploymentPostprocessing = 0;
		};
		84954B371A056B840091E43E /* Resources */ = {
			isa = PBXResourcesBuildPhase;
			buildActionMask = 2147483647;
			files = (
			);
			runOnlyForDeploymentPostprocessing = 0;
		};
/* End PBXResourcesBuildPhase section */

/* Begin PBXSourcesBuildPhase section */
		84954B1C1A056B840091E43E /* Sources */ = {
			isa = PBXSourcesBuildPhase;
			buildActionMask = 2147483647;
			files = (
				84954B2C1A056B840091E43E /* ToDoViewController.m in Sources */,
				84954B291A056B840091E43E /* AppDelegate.m in Sources */,
				849968171A06331300CFA2F3 /* ToDoItem.m in Sources */,
				84954B261A056B840091E43E /* main.m in Sources */,
			);
			runOnlyForDeploymentPostprocessing = 0;
		};
		84954B351A056B840091E43E /* Sources */ = {
			isa = PBXSourcesBuildPhase;
			buildActionMask = 2147483647;
			files = (
				84954B401A056B850091E43E /* TourDiaryTests.m in Sources */,
			);
			runOnlyForDeploymentPostprocessing = 0;
		};
/* End PBXSourcesBuildPhase section */

/* Begin PBXTargetDependency section */
		84954B3B1A056B850091E43E /* PBXTargetDependency */ = {
			isa = PBXTargetDependency;
			target = 84954B1F1A056B840091E43E /* TourDiary */;
			targetProxy = 84954B3A1A056B850091E43E /* PBXContainerItemProxy */;
		};
/* End PBXTargetDependency section */

/* Begin PBXVariantGroup section */
		84954B2D1A056B840091E43E /* Main.storyboard */ = {
			isa = PBXVariantGroup;
			children = (
				84954B2E1A056B840091E43E /* Base */,
			);
			name = Main.storyboard;
			sourceTree = "<group>";
		};
		84954B321A056B840091E43E /* LaunchScreen.xib */ = {
			isa = PBXVariantGroup;
			children = (
				84954B331A056B840091E43E /* Base */,
			);
			name = LaunchScreen.xib;
			sourceTree = "<group>";
		};
/* End PBXVariantGroup section */

/* Begin XCBuildConfiguration section */
		84954B411A056B850091E43E /* Debug */ = {
			isa = XCBuildConfiguration;
			buildSettings = {
				ALWAYS_SEARCH_USER_PATHS = NO;
				CLANG_CXX_LANGUAGE_STANDARD = "gnu++0x";
				CLANG_CXX_LIBRARY = "libc++";
				CLANG_ENABLE_MODULES = YES;
				CLANG_ENABLE_OBJC_ARC = YES;
				CLANG_WARN_BOOL_CONVERSION = YES;
				CLANG_WARN_CONSTANT_CONVERSION = YES;
				CLANG_WARN_DIRECT_OBJC_ISA_USAGE = YES_ERROR;
				CLANG_WARN_EMPTY_BODY = YES;
				CLANG_WARN_ENUM_CONVERSION = YES;
				CLANG_WARN_INT_CONVERSION = YES;
				CLANG_WARN_OBJC_ROOT_CLASS = YES_ERROR;
				CLANG_WARN_UNREACHABLE_CODE = YES;
				CLANG_WARN__DUPLICATE_METHOD_MATCH = YES;
				"CODE_SIGN_IDENTITY[sdk=iphoneos*]" = "iPhone Developer";
				COPY_PHASE_STRIP = NO;
				ENABLE_STRICT_OBJC_MSGSEND = YES;
				GCC_C_LANGUAGE_STANDARD = gnu99;
				GCC_DYNAMIC_NO_PIC = NO;
				GCC_OPTIMIZATION_LEVEL = 0;
				GCC_PREPROCESSOR_DEFINITIONS = (
					"DEBUG=1",
					"$(inherited)",
				);
				GCC_SYMBOLS_PRIVATE_EXTERN = NO;
				GCC_WARN_64_TO_32_BIT_CONVERSION = YES;
				GCC_WARN_ABOUT_RETURN_TYPE = YES_ERROR;
				GCC_WARN_UNDECLARED_SELECTOR = YES;
				GCC_WARN_UNINITIALIZED_AUTOS = YES_AGGRESSIVE;
				GCC_WARN_UNUSED_FUNCTION = YES;
				GCC_WARN_UNUSED_VARIABLE = YES;
				IPHONEOS_DEPLOYMENT_TARGET = 8.1;
				MTL_ENABLE_DEBUG_INFO = YES;
				ONLY_ACTIVE_ARCH = YES;
				SDKROOT = iphoneos;
			};
			name = Debug;
		};
		84954B421A056B850091E43E /* Release */ = {
			isa = XCBuildConfiguration;
			buildSettings = {
				ALWAYS_SEARCH_USER_PATHS = NO;
				CLANG_CXX_LANGUAGE_STANDARD = "gnu++0x";
				CLANG_CXX_LIBRARY = "libc++";
				CLANG_ENABLE_MODULES = YES;
				CLANG_ENABLE_OBJC_ARC = YES;
				CLANG_WARN_BOOL_CONVERSION = YES;
				CLANG_WARN_CONSTANT_CONVERSION = YES;
				CLANG_WARN_DIRECT_OBJC_ISA_USAGE = YES_ERROR;
				CLANG_WARN_EMPTY_BODY = YES;
				CLANG_WARN_ENUM_CONVERSION = YES;
				CLANG_WARN_INT_CONVERSION = YES;
				CLANG_WARN_OBJC_ROOT_CLASS = YES_ERROR;
				CLANG_WARN_UNREACHABLE_CODE = YES;
				CLANG_WARN__DUPLICATE_METHOD_MATCH = YES;
				"CODE_SIGN_IDENTITY[sdk=iphoneos*]" = "iPhone Developer";
				COPY_PHASE_STRIP = YES;
				ENABLE_NS_ASSERTIONS = NO;
				ENABLE_STRICT_OBJC_MSGSEND = YES;
				GCC_C_LANGUAGE_STANDARD = gnu99;
				GCC_WARN_64_TO_32_BIT_CONVERSION = YES;
				GCC_WARN_ABOUT_RETURN_TYPE = YES_ERROR;
				GCC_WARN_UNDECLARED_SELECTOR = YES;
				GCC_WARN_UNINITIALIZED_AUTOS = YES_AGGRESSIVE;
				GCC_WARN_UNUSED_FUNCTION = YES;
				GCC_WARN_UNUSED_VARIABLE = YES;
				IPHONEOS_DEPLOYMENT_TARGET = 8.1;
				MTL_ENABLE_DEBUG_INFO = NO;
				SDKROOT = iphoneos;
				VALIDATE_PRODUCT = YES;
			};
			name = Release;
		};
		84954B441A056B850091E43E /* Debug */ = {
			isa = XCBuildConfiguration;
			buildSettings = {
				ASSETCATALOG_COMPILER_APPICON_NAME = AppIcon;
				INFOPLIST_FILE = TourDiary/Info.plist;
				LD_RUNPATH_SEARCH_PATHS = "$(inherited) @executable_path/Frameworks";
				PRODUCT_NAME = "$(TARGET_NAME)";
			};
			name = Debug;
		};
		84954B451A056B850091E43E /* Release */ = {
			isa = XCBuildConfiguration;
			buildSettings = {
				ASSETCATALOG_COMPILER_APPICON_NAME = AppIcon;
				INFOPLIST_FILE = TourDiary/Info.plist;
				LD_RUNPATH_SEARCH_PATHS = "$(inherited) @executable_path/Frameworks";
				PRODUCT_NAME = "$(TARGET_NAME)";
			};
			name = Release;
		};
		84954B471A056B850091E43E /* Debug */ = {
			isa = XCBuildConfiguration;
			buildSettings = {
				BUNDLE_LOADER = "$(TEST_HOST)";
				FRAMEWORK_SEARCH_PATHS = (
					"$(SDKROOT)/Developer/Library/Frameworks",
					"$(inherited)",
				);
				GCC_PREPROCESSOR_DEFINITIONS = (
					"DEBUG=1",
					"$(inherited)",
				);
				INFOPLIST_FILE = TourDiaryTests/Info.plist;
				LD_RUNPATH_SEARCH_PATHS = "$(inherited) @executable_path/Frameworks @loader_path/Frameworks";
				PRODUCT_NAME = "$(TARGET_NAME)";
				TEST_HOST = "$(BUILT_PRODUCTS_DIR)/TourDiary.app/TourDiary";
			};
			name = Debug;
		};
		84954B481A056B850091E43E /* Release */ = {
			isa = XCBuildConfiguration;
			buildSettings = {
				BUNDLE_LOADER = "$(TEST_HOST)";
				FRAMEWORK_SEARCH_PATHS = (
					"$(SDKROOT)/Developer/Library/Frameworks",
					"$(inherited)",
				);
				INFOPLIST_FILE = TourDiaryTests/Info.plist;
				LD_RUNPATH_SEARCH_PATHS = "$(inherited) @executable_path/Frameworks @loader_path/Frameworks";
				PRODUCT_NAME = "$(TARGET_NAME)";
				TEST_HOST = "$(BUILT_PRODUCTS_DIR)/TourDiary.app/TourDiary";
			};
			name = Release;
		};
/* End XCBuildConfiguration section */

/* Begin XCConfigurationList section */
		84954B1B1A056B840091E43E /* Build configuration list for PBXProject "TourDiary" */ = {
			isa = XCConfigurationList;
			buildConfigurations = (
				84954B411A056B850091E43E /* Debug */,
				84954B421A056B850091E43E /* Release */,
			);
			defaultConfigurationIsVisible = 0;
			defaultConfigurationName = Release;
		};
		84954B431A056B850091E43E /* Build configuration list for PBXNativeTarget "TourDiary" */ = {
			isa = XCConfigurationList;
			buildConfigurations = (
				84954B441A056B850091E43E /* Debug */,
				84954B451A056B850091E43E /* Release */,
			);
			defaultConfigurationIsVisible = 0;
			defaultConfigurationName = Release;
		};
		84954B461A056B850091E43E /* Build configuration list for PBXNativeTarget "TourDiaryTests" */ = {
			isa = XCConfigurationList;
			buildConfigurations = (
				84954B471A056B850091E43E /* Debug */,
				84954B481A056B850091E43E /* Release */,
			);
			defaultConfigurationIsVisible = 0;
			defaultConfigurationName = Release;
		};
/* End XCConfigurationList section */
	};
	rootObject = 84954B181A056B840091E43E /* Project object */;
}
