// !$*UTF8*$!
{
	archiveVersion = 1;
	classes = {
	};
	objectVersion = 46;
	objects = {

/* Begin PBXBuildFile section */
		320E05171A0ACE58000B757B /* LandmarkItem.m in Sources */ = {isa = PBXBuildFile; fileRef = 320E05161A0ACE58000B757B /* LandmarkItem.m */; };
		32A238021A0AEA8700800DB6 /* LandmarkViewCell.m in Sources */ = {isa = PBXBuildFile; fileRef = 32A238011A0AEA8700800DB6 /* LandmarkViewCell.m */; };
		32E3F3C71A0AD12C00FC3445 /* LandmarkViewController.m in Sources */ = {isa = PBXBuildFile; fileRef = 32E3F3C61A0AD12C00FC3445 /* LandmarkViewController.m */; };
		32E3F3D01A0AD31E00FC3445 /* LandmarkTableViewCell.xib in Resources */ = {isa = PBXBuildFile; fileRef = 32E3F3CF1A0AD31E00FC3445 /* LandmarkTableViewCell.xib */; };
		32EBDA6C1A0AE8F0001FC4C1 /* Bolts.framework in Frameworks */ = {isa = PBXBuildFile; fileRef = 32EBDA691A0AE8F0001FC4C1 /* Bolts.framework */; };
		32EBDA6D1A0AE8F0001FC4C1 /* Parse.framework in Frameworks */ = {isa = PBXBuildFile; fileRef = 32EBDA6A1A0AE8F0001FC4C1 /* Parse.framework */; };
		32EBDA6E1A0AE8F0001FC4C1 /* ParseFacebookUtils.framework in Frameworks */ = {isa = PBXBuildFile; fileRef = 32EBDA6B1A0AE8F0001FC4C1 /* ParseFacebookUtils.framework */; };
		32EBDA701A0AE901001FC4C1 /* AudioToolbox.framework in Frameworks */ = {isa = PBXBuildFile; fileRef = 32EBDA6F1A0AE901001FC4C1 /* AudioToolbox.framework */; };
		32EBDA721A0AE909001FC4C1 /* CFNetwork.framework in Frameworks */ = {isa = PBXBuildFile; fileRef = 32EBDA711A0AE909001FC4C1 /* CFNetwork.framework */; };
		32EBDA741A0AE913001FC4C1 /* CoreGraphics.framework in Frameworks */ = {isa = PBXBuildFile; fileRef = 32EBDA731A0AE913001FC4C1 /* CoreGraphics.framework */; };
		32EBDA761A0AE91B001FC4C1 /* CoreLocation.framework in Frameworks */ = {isa = PBXBuildFile; fileRef = 32EBDA751A0AE91B001FC4C1 /* CoreLocation.framework */; };
		32EBDA781A0AE922001FC4C1 /* libz.dylib in Frameworks */ = {isa = PBXBuildFile; fileRef = 32EBDA771A0AE922001FC4C1 /* libz.dylib */; };
		32EBDA7A1A0AE929001FC4C1 /* MobileCoreServices.framework in Frameworks */ = {isa = PBXBuildFile; fileRef = 32EBDA791A0AE929001FC4C1 /* MobileCoreServices.framework */; };
		32EBDA7C1A0AE933001FC4C1 /* QuartzCore.framework in Frameworks */ = {isa = PBXBuildFile; fileRef = 32EBDA7B1A0AE933001FC4C1 /* QuartzCore.framework */; };
		32EBDA7E1A0AE93A001FC4C1 /* Security.framework in Frameworks */ = {isa = PBXBuildFile; fileRef = 32EBDA7D1A0AE93A001FC4C1 /* Security.framework */; };
		32EBDA801A0AE945001FC4C1 /* StoreKit.framework in Frameworks */ = {isa = PBXBuildFile; fileRef = 32EBDA7F1A0AE945001FC4C1 /* StoreKit.framework */; };
		32EBDA821A0AE95A001FC4C1 /* SystemConfiguration.framework in Frameworks */ = {isa = PBXBuildFile; fileRef = 32EBDA811A0AE95A001FC4C1 /* SystemConfiguration.framework */; };
		84954B261A056B840091E43E /* main.m in Sources */ = {isa = PBXBuildFile; fileRef = 84954B251A056B840091E43E /* main.m */; };
		84954B291A056B840091E43E /* AppDelegate.m in Sources */ = {isa = PBXBuildFile; fileRef = 84954B281A056B840091E43E /* AppDelegate.m */; };
		84954B2C1A056B840091E43E /* ToDoViewController.m in Sources */ = {isa = PBXBuildFile; fileRef = 84954B2B1A056B840091E43E /* ToDoViewController.m */; };
		84954B2F1A056B840091E43E /* Main.storyboard in Resources */ = {isa = PBXBuildFile; fileRef = 84954B2D1A056B840091E43E /* Main.storyboard */; };
		84954B311A056B840091E43E /* Images.xcassets in Resources */ = {isa = PBXBuildFile; fileRef = 84954B301A056B840091E43E /* Images.xcassets */; };
		84954B341A056B840091E43E /* LaunchScreen.xib in Resources */ = {isa = PBXBuildFile; fileRef = 84954B321A056B840091E43E /* LaunchScreen.xib */; };
		84954B401A056B850091E43E /* TourDiaryTests.m in Sources */ = {isa = PBXBuildFile; fileRef = 84954B3F1A056B850091E43E /* TourDiaryTests.m */; };
		849968171A06331300CFA2F3 /* ToDoItem.m in Sources */ = {isa = PBXBuildFile; fileRef = 849968161A06331300CFA2F3 /* ToDoItem.m */; };
		849EA2B71A069A8000BB0C56 /* CustomTableViewCell.m in Sources */ = {isa = PBXBuildFile; fileRef = 849EA2B61A069A8000BB0C56 /* CustomTableViewCell.m */; };
/* End PBXBuildFile section */

/* Begin PBXContainerItemProxy section */
		84954B3A1A056B850091E43E /* PBXContainerItemProxy */ = {
			isa = PBXContainerItemProxy;
			containerPortal = 84954B181A056B840091E43E /* Project object */;
			proxyType = 1;
			remoteGlobalIDString = 84954B1F1A056B840091E43E;
			remoteInfo = TourDiary;
		};
/* End PBXContainerItemProxy section */

/* Begin PBXFileReference section */
		320E05151A0ACE58000B757B /* LandmarkItem.h */ = {isa = PBXFileReference; fileEncoding = 4; lastKnownFileType = sourcecode.c.h; path = LandmarkItem.h; sourceTree = "<group>"; };
		320E05161A0ACE58000B757B /* LandmarkItem.m */ = {isa = PBXFileReference; fileEncoding = 4; lastKnownFileType = sourcecode.c.objc; path = LandmarkItem.m; sourceTree = "<group>"; };
		32A238001A0AEA8700800DB6 /* LandmarkViewCell.h */ = {isa = PBXFileReference; fileEncoding = 4; lastKnownFileType = sourcecode.c.h; path = LandmarkViewCell.h; sourceTree = "<group>"; };
		32A238011A0AEA8700800DB6 /* LandmarkViewCell.m */ = {isa = PBXFileReference; fileEncoding = 4; lastKnownFileType = sourcecode.c.objc; path = LandmarkViewCell.m; sourceTree = "<group>"; };
		32E3F3C51A0AD12C00FC3445 /* LandmarkViewController.h */ = {isa = PBXFileReference; fileEncoding = 4; lastKnownFileType = sourcecode.c.h; path = LandmarkViewController.h; sourceTree = "<group>"; };
		32E3F3C61A0AD12C00FC3445 /* LandmarkViewController.m */ = {isa = PBXFileReference; fileEncoding = 4; lastKnownFileType = sourcecode.c.objc; path = LandmarkViewController.m; sourceTree = "<group>"; };
		32E3F3CF1A0AD31E00FC3445 /* LandmarkTableViewCell.xib */ = {isa = PBXFileReference; fileEncoding = 4; lastKnownFileType = file.xib; path = LandmarkTableViewCell.xib; sourceTree = "<group>"; };
		32EBDA691A0AE8F0001FC4C1 /* Bolts.framework */ = {isa = PBXFileReference; lastKnownFileType = wrapper.framework; path = Bolts.framework; sourceTree = "<group>"; };
		32EBDA6A1A0AE8F0001FC4C1 /* Parse.framework */ = {isa = PBXFileReference; lastKnownFileType = wrapper.framework; path = Parse.framework; sourceTree = "<group>"; };
		32EBDA6B1A0AE8F0001FC4C1 /* ParseFacebookUtils.framework */ = {isa = PBXFileReference; lastKnownFileType = wrapper.framework; path = ParseFacebookUtils.framework; sourceTree = "<group>"; };
		32EBDA6F1A0AE901001FC4C1 /* AudioToolbox.framework */ = {isa = PBXFileReference; lastKnownFileType = wrapper.framework; name = AudioToolbox.framework; path = System/Library/Frameworks/AudioToolbox.framework; sourceTree = SDKROOT; };
		32EBDA711A0AE909001FC4C1 /* CFNetwork.framework */ = {isa = PBXFileReference; lastKnownFileType = wrapper.framework; name = CFNetwork.framework; path = System/Library/Frameworks/CFNetwork.framework; sourceTree = SDKROOT; };
		32EBDA731A0AE913001FC4C1 /* CoreGraphics.framework */ = {isa = PBXFileReference; lastKnownFileType = wrapper.framework; name = CoreGraphics.framework; path = System/Library/Frameworks/CoreGraphics.framework; sourceTree = SDKROOT; };
		32EBDA751A0AE91B001FC4C1 /* CoreLocation.framework */ = {isa = PBXFileReference; lastKnownFileType = wrapper.framework; name = CoreLocation.framework; path = System/Library/Frameworks/CoreLocation.framework; sourceTree = SDKROOT; };
		32EBDA771A0AE922001FC4C1 /* libz.dylib */ = {isa = PBXFileReference; lastKnownFileType = "compiled.mach-o.dylib"; name = libz.dylib; path = usr/lib/libz.dylib; sourceTree = SDKROOT; };
		32EBDA791A0AE929001FC4C1 /* MobileCoreServices.framework */ = {isa = PBXFileReference; lastKnownFileType = wrapper.framework; name = MobileCoreServices.framework; path = System/Library/Frameworks/MobileCoreServices.framework; sourceTree = SDKROOT; };
		32EBDA7B1A0AE933001FC4C1 /* QuartzCore.framework */ = {isa = PBXFileReference; lastKnownFileType = wrapper.framework; name = QuartzCore.framework; path = System/Library/Frameworks/QuartzCore.framework; sourceTree = SDKROOT; };
		32EBDA7D1A0AE93A001FC4C1 /* Security.framework */ = {isa = PBXFileReference; lastKnownFileType = wrapper.framework; name = Security.framework; path = System/Library/Frameworks/Security.framework; sourceTree = SDKROOT; };
		32EBDA7F1A0AE945001FC4C1 /* StoreKit.framework */ = {isa = PBXFileReference; lastKnownFileType = wrapper.framework; name = StoreKit.framework; path = System/Library/Frameworks/StoreKit.framework; sourceTree = SDKROOT; };
		32EBDA811A0AE95A001FC4C1 /* SystemConfiguration.framework */ = {isa = PBXFileReference; lastKnownFileType = wrapper.framework; name = SystemConfiguration.framework; path = System/Library/Frameworks/SystemConfiguration.framework; sourceTree = SDKROOT; };
		84954B201A056B840091E43E /* TourDiary.app */ = {isa = PBXFileReference; explicitFileType = wrapper.application; includeInIndex = 0; path = TourDiary.app; sourceTree = BUILT_PRODUCTS_DIR; };
		84954B241A056B840091E43E /* Info.plist */ = {isa = PBXFileReference; lastKnownFileType = text.plist.xml; path = Info.plist; sourceTree = "<group>"; };
		84954B251A056B840091E43E /* main.m */ = {isa = PBXFileReference; lastKnownFileType = sourcecode.c.objc; path = main.m; sourceTree = "<group>"; };
		84954B271A056B840091E43E /* AppDelegate.h */ = {isa = PBXFileReference; lastKnownFileType = sourcecode.c.h; path = AppDelegate.h; sourceTree = "<group>"; };
		84954B281A056B840091E43E /* AppDelegate.m */ = {isa = PBXFileReference; lastKnownFileType = sourcecode.c.objc; path = AppDelegate.m; sourceTree = "<group>"; };
		84954B2A1A056B840091E43E /* ToDoViewController.h */ = {isa = PBXFileReference; lastKnownFileType = sourcecode.c.h; path = ToDoViewController.h; sourceTree = "<group>"; };
		84954B2B1A056B840091E43E /* ToDoViewController.m */ = {isa = PBXFileReference; lastKnownFileType = sourcecode.c.objc; path = ToDoViewController.m; sourceTree = "<group>"; };
		84954B2E1A056B840091E43E /* Base */ = {isa = PBXFileReference; lastKnownFileType = file.storyboard; name = Base; path = Base.lproj/Main.storyboard; sourceTree = "<group>"; };
		84954B301A056B840091E43E /* Images.xcassets */ = {isa = PBXFileReference; lastKnownFileType = folder.assetcatalog; path = Images.xcassets; sourceTree = "<group>"; };
		84954B331A056B840091E43E /* Base */ = {isa = PBXFileReference; lastKnownFileType = file.xib; name = Base; path = Base.lproj/LaunchScreen.xib; sourceTree = "<group>"; };
		84954B391A056B840091E43E /* TourDiaryTests.xctest */ = {isa = PBXFileReference; explicitFileType = wrapper.cfbundle; includeInIndex = 0; path = TourDiaryTests.xctest; sourceTree = BUILT_PRODUCTS_DIR; };
		84954B3E1A056B850091E43E /* Info.plist */ = {isa = PBXFileReference; lastKnownFileType = text.plist.xml; path = Info.plist; sourceTree = "<group>"; };
		84954B3F1A056B850091E43E /* TourDiaryTests.m */ = {isa = PBXFileReference; lastKnownFileType = sourcecode.c.objc; path = TourDiaryTests.m; sourceTree = "<group>"; };
		849968151A06331300CFA2F3 /* ToDoItem.h */ = {isa = PBXFileReference; fileEncoding = 4; lastKnownFileType = sourcecode.c.h; path = ToDoItem.h; sourceTree = "<group>"; };
		849968161A06331300CFA2F3 /* ToDoItem.m */ = {isa = PBXFileReference; fileEncoding = 4; lastKnownFileType = sourcecode.c.objc; path = ToDoItem.m; sourceTree = "<group>"; };
		849EA2B51A069A8000BB0C56 /* CustomTableViewCell.h */ = {isa = PBXFileReference; fileEncoding = 4; lastKnownFileType = sourcecode.c.h; path = CustomTableViewCell.h; sourceTree = "<group>"; };
		849EA2B61A069A8000BB0C56 /* CustomTableViewCell.m */ = {isa = PBXFileReference; fileEncoding = 4; lastKnownFileType = sourcecode.c.objc; path = CustomTableViewCell.m; sourceTree = "<group>"; };
		849EA2B81A06A19800BB0C56 /* TableViewCellDelegate.h */ = {isa = PBXFileReference; fileEncoding = 4; lastKnownFileType = sourcecode.c.h; path = TableViewCellDelegate.h; sourceTree = "<group>"; };
/* End PBXFileReference section */

/* Begin PBXFrameworksBuildPhase section */
		84954B1D1A056B840091E43E /* Frameworks */ = {
			isa = PBXFrameworksBuildPhase;
			buildActionMask = 2147483647;
			files = (
				32EBDA821A0AE95A001FC4C1 /* SystemConfiguration.framework in Frameworks */,
				32EBDA801A0AE945001FC4C1 /* StoreKit.framework in Frameworks */,
				32EBDA7E1A0AE93A001FC4C1 /* Security.framework in Frameworks */,
				32EBDA7C1A0AE933001FC4C1 /* QuartzCore.framework in Frameworks */,
				32EBDA7A1A0AE929001FC4C1 /* MobileCoreServices.framework in Frameworks */,
				32EBDA781A0AE922001FC4C1 /* libz.dylib in Frameworks */,
				32EBDA761A0AE91B001FC4C1 /* CoreLocation.framework in Frameworks */,
				32EBDA741A0AE913001FC4C1 /* CoreGraphics.framework in Frameworks */,
				32EBDA721A0AE909001FC4C1 /* CFNetwork.framework in Frameworks */,
				32EBDA701A0AE901001FC4C1 /* AudioToolbox.framework in Frameworks */,
				32EBDA6D1A0AE8F0001FC4C1 /* Parse.framework in Frameworks */,
				32EBDA6C1A0AE8F0001FC4C1 /* Bolts.framework in Frameworks */,
				32EBDA6E1A0AE8F0001FC4C1 /* ParseFacebookUtils.framework in Frameworks */,
			);
			runOnlyForDeploymentPostprocessing = 0;
		};
		84954B361A056B840091E43E /* Frameworks */ = {
			isa = PBXFrameworksBuildPhase;
			buildActionMask = 2147483647;
			files = (
			);
			runOnlyForDeploymentPostprocessing = 0;
		};
/* End PBXFrameworksBuildPhase section */

/* Begin PBXGroup section */
		320E5E671A0ACDDD00D8E387 /* MainViewController */ = {
			isa = PBXGroup;
			children = (
				320E05151A0ACE58000B757B /* LandmarkItem.h */,
				320E05161A0ACE58000B757B /* LandmarkItem.m */,
				32E3F3C51A0AD12C00FC3445 /* LandmarkViewController.h */,
				32E3F3C61A0AD12C00FC3445 /* LandmarkViewController.m */,
				32A238001A0AEA8700800DB6 /* LandmarkViewCell.h */,
				32A238011A0AEA8700800DB6 /* LandmarkViewCell.m */,
			);
			name = MainViewController;
			sourceTree = "<group>";
		};
		32E3F3C81A0AD1F500FC3445 /* Frameworks */ = {
			isa = PBXGroup;
			children = (
				32EBDA811A0AE95A001FC4C1 /* SystemConfiguration.framework */,
				32EBDA7F1A0AE945001FC4C1 /* StoreKit.framework */,
				32EBDA7D1A0AE93A001FC4C1 /* Security.framework */,
				32EBDA7B1A0AE933001FC4C1 /* QuartzCore.framework */,
				32EBDA791A0AE929001FC4C1 /* MobileCoreServices.framework */,
				32EBDA771A0AE922001FC4C1 /* libz.dylib */,
				32EBDA751A0AE91B001FC4C1 /* CoreLocation.framework */,
				32EBDA731A0AE913001FC4C1 /* CoreGraphics.framework */,
				32EBDA711A0AE909001FC4C1 /* CFNetwork.framework */,
				32EBDA6F1A0AE901001FC4C1 /* AudioToolbox.framework */,
				32EBDA691A0AE8F0001FC4C1 /* Bolts.framework */,
				32EBDA6A1A0AE8F0001FC4C1 /* Parse.framework */,
				32EBDA6B1A0AE8F0001FC4C1 /* ParseFacebookUtils.framework */,
			);
			name = Frameworks;
			sourceTree = "<group>";
		};
		84954B171A056B840091E43E = {
			isa = PBXGroup;
			children = (
				84954B221A056B840091E43E /* TourDiary */,
				84954B3C1A056B850091E43E /* TourDiaryTests */,
				84954B211A056B840091E43E /* Products */,
			);
			sourceTree = "<group>";
		};
		84954B211A056B840091E43E /* Products */ = {
			isa = PBXGroup;
			children = (
				84954B201A056B840091E43E /* TourDiary.app */,
				84954B391A056B840091E43E /* TourDiaryTests.xctest */,
			);
			name = Products;
			sourceTree = "<group>";
		};
		84954B221A056B840091E43E /* TourDiary */ = {
			isa = PBXGroup;
			children = (
				32E3F3CF1A0AD31E00FC3445 /* LandmarkTableViewCell.xib */,
				32E3F3C81A0AD1F500FC3445 /* Frameworks */,
				320E5E671A0ACDDD00D8E387 /* MainViewController */,
				849EA2B51A069A8000BB0C56 /* CustomTableViewCell.h */,
				849EA2B61A069A8000BB0C56 /* CustomTableViewCell.m */,
				849EA2B81A06A19800BB0C56 /* TableViewCellDelegate.h */,
				84954B271A056B840091E43E /* AppDelegate.h */,
				84954B281A056B840091E43E /* AppDelegate.m */,
				84954B2A1A056B840091E43E /* ToDoViewController.h */,
				84954B2B1A056B840091E43E /* ToDoViewController.m */,
				84954B2D1A056B840091E43E /* Main.storyboard */,
				849968151A06331300CFA2F3 /* ToDoItem.h */,
				849968161A06331300CFA2F3 /* ToDoItem.m */,
				84954B301A056B840091E43E /* Images.xcassets */,
				84954B321A056B840091E43E /* LaunchScreen.xib */,
				84954B231A056B840091E43E /* Supporting Files */,
			);
			path = TourDiary;
			sourceTree = "<group>";
		};
		84954B231A056B840091E43E /* Supporting Files */ = {
			isa = PBXGroup;
			children = (
				84954B241A056B840091E43E /* Info.plist */,
				84954B251A056B840091E43E /* main.m */,
			);
			name = "Supporting Files";
			sourceTree = "<group>";
		};
		84954B3C1A056B850091E43E /* TourDiaryTests */ = {
			isa = PBXGroup;
			children = (
				84954B3F1A056B850091E43E /* TourDiaryTests.m */,
				84954B3D1A056B850091E43E /* Supporting Files */,
			);
			path = TourDiaryTests;
			sourceTree = "<group>";
		};
		84954B3D1A056B850091E43E /* Supporting Files */ = {
			isa = PBXGroup;
			children = (
				84954B3E1A056B850091E43E /* Info.plist */,
			);
			name = "Supporting Files";
			sourceTree = "<group>";
		};
/* End PBXGroup section */

/* Begin PBXNativeTarget section */
		84954B1F1A056B840091E43E /* TourDiary */ = {
			isa = PBXNativeTarget;
			buildConfigurationList = 84954B431A056B850091E43E /* Build configuration list for PBXNativeTarget "TourDiary" */;
			buildPhases = (
				84954B1C1A056B840091E43E /* Sources */,
				84954B1D1A056B840091E43E /* Frameworks */,
				84954B1E1A056B840091E43E /* Resources */,
			);
			buildRules = (
			);
			dependencies = (
			);
			name = TourDiary;
			productName = TourDiary;
			productReference = 84954B201A056B840091E43E /* TourDiary.app */;
			productType = "com.apple.product-type.application";
		};
		84954B381A056B840091E43E /* TourDiaryTests */ = {
			isa = PBXNativeTarget;
			buildConfigurationList = 84954B461A056B850091E43E /* Build configuration list for PBXNativeTarget "TourDiaryTests" */;
			buildPhases = (
				84954B351A056B840091E43E /* Sources */,
				84954B361A056B840091E43E /* Frameworks */,
				84954B371A056B840091E43E /* Resources */,
			);
			buildRules = (
			);
			dependencies = (
				84954B3B1A056B850091E43E /* PBXTargetDependency */,
			);
			name = TourDiaryTests;
			productName = TourDiaryTests;
			productReference = 84954B391A056B840091E43E /* TourDiaryTests.xctest */;
			productType = "com.apple.product-type.bundle.unit-test";
		};
/* End PBXNativeTarget section */

/* Begin PBXProject section */
		84954B181A056B840091E43E /* Project object */ = {
			isa = PBXProject;
			attributes = {
				LastUpgradeCheck = 0610;
				ORGANIZATIONNAME = brezoev;
				TargetAttributes = {
					84954B1F1A056B840091E43E = {
						CreatedOnToolsVersion = 6.1;
					};
					84954B381A056B840091E43E = {
						CreatedOnToolsVersion = 6.1;
						TestTargetID = 84954B1F1A056B840091E43E;
					};
				};
			};
			buildConfigurationList = 84954B1B1A056B840091E43E /* Build configuration list for PBXProject "TourDiary" */;
			compatibilityVersion = "Xcode 3.2";
			developmentRegion = English;
			hasScannedForEncodings = 0;
			knownRegions = (
				en,
				Base,
			);
			mainGroup = 84954B171A056B840091E43E;
			productRefGroup = 84954B211A056B840091E43E /* Products */;
			projectDirPath = "";
			projectRoot = "";
			targets = (
				84954B1F1A056B840091E43E /* TourDiary */,
				84954B381A056B840091E43E /* TourDiaryTests */,
			);
		};
/* End PBXProject section */

/* Begin PBXResourcesBuildPhase section */
		84954B1E1A056B840091E43E /* Resources */ = {
			isa = PBXResourcesBuildPhase;
			buildActionMask = 2147483647;
			files = (
				32E3F3D01A0AD31E00FC3445 /* LandmarkTableViewCell.xib in Resources */,
				84954B2F1A056B840091E43E /* Main.storyboard in Resources */,
				84954B341A056B840091E43E /* LaunchScreen.xib in Resources */,
				84954B311A056B840091E43E /* Images.xcassets in Resources */,
			);
			runOnlyForDeploymentPostprocessing = 0;
		};
		84954B371A056B840091E43E /* Resources */ = {
			isa = PBXResourcesBuildPhase;
			buildActionMask = 2147483647;
			files = (
			);
			runOnlyForDeploymentPostprocessing = 0;
		};
/* End PBXResourcesBuildPhase section */

/* Begin PBXSourcesBuildPhase section */
		84954B1C1A056B840091E43E /* Sources */ = {
			isa = PBXSourcesBuildPhase;
			buildActionMask = 2147483647;
			files = (
				84954B2C1A056B840091E43E /* ToDoViewController.m in Sources */,
				84954B291A056B840091E43E /* AppDelegate.m in Sources */,
				849968171A06331300CFA2F3 /* ToDoItem.m in Sources */,
				32E3F3C71A0AD12C00FC3445 /* LandmarkViewController.m in Sources */,
				849EA2B71A069A8000BB0C56 /* CustomTableViewCell.m in Sources */,
				32A238021A0AEA8700800DB6 /* LandmarkViewCell.m in Sources */,
				320E05171A0ACE58000B757B /* LandmarkItem.m in Sources */,
				84954B261A056B840091E43E /* main.m in Sources */,
			);
			runOnlyForDeploymentPostprocessing = 0;
		};
		84954B351A056B840091E43E /* Sources */ = {
			isa = PBXSourcesBuildPhase;
			buildActionMask = 2147483647;
			files = (
				84954B401A056B850091E43E /* TourDiaryTests.m in Sources */,
			);
			runOnlyForDeploymentPostprocessing = 0;
		};
/* End PBXSourcesBuildPhase section */

/* Begin PBXTargetDependency section */
		84954B3B1A056B850091E43E /* PBXTargetDependency */ = {
			isa = PBXTargetDependency;
			target = 84954B1F1A056B840091E43E /* TourDiary */;
			targetProxy = 84954B3A1A056B850091E43E /* PBXContainerItemProxy */;
		};
/* End PBXTargetDependency section */

/* Begin PBXVariantGroup section */
		84954B2D1A056B840091E43E /* Main.storyboard */ = {
			isa = PBXVariantGroup;
			children = (
				84954B2E1A056B840091E43E /* Base */,
			);
			name = Main.storyboard;
			sourceTree = "<group>";
		};
		84954B321A056B840091E43E /* LaunchScreen.xib */ = {
			isa = PBXVariantGroup;
			children = (
				84954B331A056B840091E43E /* Base */,
			);
			name = LaunchScreen.xib;
			sourceTree = "<group>";
		};
/* End PBXVariantGroup section */

/* Begin XCBuildConfiguration section */
		84954B411A056B850091E43E /* Debug */ = {
			isa = XCBuildConfiguration;
			buildSettings = {
				ALWAYS_SEARCH_USER_PATHS = NO;
				CLANG_CXX_LANGUAGE_STANDARD = "gnu++0x";
				CLANG_CXX_LIBRARY = "libc++";
				CLANG_ENABLE_MODULES = YES;
				CLANG_ENABLE_OBJC_ARC = YES;
				CLANG_WARN_BOOL_CONVERSION = YES;
				CLANG_WARN_CONSTANT_CONVERSION = YES;
				CLANG_WARN_DIRECT_OBJC_ISA_USAGE = YES_ERROR;
				CLANG_WARN_EMPTY_BODY = YES;
				CLANG_WARN_ENUM_CONVERSION = YES;
				CLANG_WARN_INT_CONVERSION = YES;
				CLANG_WARN_OBJC_ROOT_CLASS = YES_ERROR;
				CLANG_WARN_UNREACHABLE_CODE = YES;
				CLANG_WARN__DUPLICATE_METHOD_MATCH = YES;
				"CODE_SIGN_IDENTITY[sdk=iphoneos*]" = "iPhone Developer";
				COPY_PHASE_STRIP = NO;
				ENABLE_STRICT_OBJC_MSGSEND = YES;
				GCC_C_LANGUAGE_STANDARD = gnu99;
				GCC_DYNAMIC_NO_PIC = NO;
				GCC_OPTIMIZATION_LEVEL = 0;
				GCC_PREPROCESSOR_DEFINITIONS = (
					"DEBUG=1",
					"$(inherited)",
				);
				GCC_SYMBOLS_PRIVATE_EXTERN = NO;
				GCC_WARN_64_TO_32_BIT_CONVERSION = YES;
				GCC_WARN_ABOUT_RETURN_TYPE = YES_ERROR;
				GCC_WARN_UNDECLARED_SELECTOR = YES;
				GCC_WARN_UNINITIALIZED_AUTOS = YES_AGGRESSIVE;
				GCC_WARN_UNUSED_FUNCTION = YES;
				GCC_WARN_UNUSED_VARIABLE = YES;
				IPHONEOS_DEPLOYMENT_TARGET = 8.1;
				MTL_ENABLE_DEBUG_INFO = YES;
				ONLY_ACTIVE_ARCH = YES;
				SDKROOT = iphoneos;
			};
			name = Debug;
		};
		84954B421A056B850091E43E /* Release */ = {
			isa = XCBuildConfiguration;
			buildSettings = {
				ALWAYS_SEARCH_USER_PATHS = NO;
				CLANG_CXX_LANGUAGE_STANDARD = "gnu++0x";
				CLANG_CXX_LIBRARY = "libc++";
				CLANG_ENABLE_MODULES = YES;
				CLANG_ENABLE_OBJC_ARC = YES;
				CLANG_WARN_BOOL_CONVERSION = YES;
				CLANG_WARN_CONSTANT_CONVERSION = YES;
				CLANG_WARN_DIRECT_OBJC_ISA_USAGE = YES_ERROR;
				CLANG_WARN_EMPTY_BODY = YES;
				CLANG_WARN_ENUM_CONVERSION = YES;
				CLANG_WARN_INT_CONVERSION = YES;
				CLANG_WARN_OBJC_ROOT_CLASS = YES_ERROR;
				CLANG_WARN_UNREACHABLE_CODE = YES;
				CLANG_WARN__DUPLICATE_METHOD_MATCH = YES;
				"CODE_SIGN_IDENTITY[sdk=iphoneos*]" = "iPhone Developer";
				COPY_PHASE_STRIP = YES;
				ENABLE_NS_ASSERTIONS = NO;
				ENABLE_STRICT_OBJC_MSGSEND = YES;
				GCC_C_LANGUAGE_STANDARD = gnu99;
				GCC_WARN_64_TO_32_BIT_CONVERSION = YES;
				GCC_WARN_ABOUT_RETURN_TYPE = YES_ERROR;
				GCC_WARN_UNDECLARED_SELECTOR = YES;
				GCC_WARN_UNINITIALIZED_AUTOS = YES_AGGRESSIVE;
				GCC_WARN_UNUSED_FUNCTION = YES;
				GCC_WARN_UNUSED_VARIABLE = YES;
				IPHONEOS_DEPLOYMENT_TARGET = 8.1;
				MTL_ENABLE_DEBUG_INFO = NO;
				SDKROOT = iphoneos;
				VALIDATE_PRODUCT = YES;
			};
			name = Release;
		};
		84954B441A056B850091E43E /* Debug */ = {
			isa = XCBuildConfiguration;
			buildSettings = {
				ASSETCATALOG_COMPILER_APPICON_NAME = AppIcon;
				FRAMEWORK_SEARCH_PATHS = (
					"$(inherited)",
					"$(PROJECT_DIR)/TourDiary",
				);
				INFOPLIST_FILE = TourDiary/Info.plist;
				LD_RUNPATH_SEARCH_PATHS = "$(inherited) @executable_path/Frameworks";
				PRODUCT_NAME = "$(TARGET_NAME)";
			};
			name = Debug;
		};
		84954B451A056B850091E43E /* Release */ = {
			isa = XCBuildConfiguration;
			buildSettings = {
				ASSETCATALOG_COMPILER_APPICON_NAME = AppIcon;
				FRAMEWORK_SEARCH_PATHS = (
					"$(inherited)",
					"$(PROJECT_DIR)/TourDiary",
				);
				INFOPLIST_FILE = TourDiary/Info.plist;
				LD_RUNPATH_SEARCH_PATHS = "$(inherited) @executable_path/Frameworks";
				PRODUCT_NAME = "$(TARGET_NAME)";
			};
			name = Release;
		};
		84954B471A056B850091E43E /* Debug */ = {
			isa = XCBuildConfiguration;
			buildSettings = {
				BUNDLE_LOADER = "$(TEST_HOST)";
				FRAMEWORK_SEARCH_PATHS = (
					"$(SDKROOT)/Developer/Library/Frameworks",
					"$(inherited)",
				);
				GCC_PREPROCESSOR_DEFINITIONS = (
					"DEBUG=1",
					"$(inherited)",
				);
				INFOPLIST_FILE = TourDiaryTests/Info.plist;
				LD_RUNPATH_SEARCH_PATHS = "$(inherited) @executable_path/Frameworks @loader_path/Frameworks";
				PRODUCT_NAME = "$(TARGET_NAME)";
				TEST_HOST = "$(BUILT_PRODUCTS_DIR)/TourDiary.app/TourDiary";
			};
			name = Debug;
		};
		84954B481A056B850091E43E /* Release */ = {
			isa = XCBuildConfiguration;
			buildSettings = {
				BUNDLE_LOADER = "$(TEST_HOST)";
				FRAMEWORK_SEARCH_PATHS = (
					"$(SDKROOT)/Developer/Library/Frameworks",
					"$(inherited)",
				);
				INFOPLIST_FILE = TourDiaryTests/Info.plist;
				LD_RUNPATH_SEARCH_PATHS = "$(inherited) @executable_path/Frameworks @loader_path/Frameworks";
				PRODUCT_NAME = "$(TARGET_NAME)";
				TEST_HOST = "$(BUILT_PRODUCTS_DIR)/TourDiary.app/TourDiary";
			};
			name = Release;
		};
/* End XCBuildConfiguration section */

/* Begin XCConfigurationList section */
		84954B1B1A056B840091E43E /* Build configuration list for PBXProject "TourDiary" */ = {
			isa = XCConfigurationList;
			buildConfigurations = (
				84954B411A056B850091E43E /* Debug */,
				84954B421A056B850091E43E /* Release */,
			);
			defaultConfigurationIsVisible = 0;
			defaultConfigurationName = Release;
		};
		84954B431A056B850091E43E /* Build configuration list for PBXNativeTarget "TourDiary" */ = {
			isa = XCConfigurationList;
			buildConfigurations = (
				84954B441A056B850091E43E /* Debug */,
				84954B451A056B850091E43E /* Release */,
			);
			defaultConfigurationIsVisible = 0;
			defaultConfigurationName = Release;
		};
		84954B461A056B850091E43E /* Build configuration list for PBXNativeTarget "TourDiaryTests" */ = {
			isa = XCConfigurationList;
			buildConfigurations = (
				84954B471A056B850091E43E /* Debug */,
				84954B481A056B850091E43E /* Release */,
			);
			defaultConfigurationIsVisible = 0;
			defaultConfigurationName = Release;
		};
/* End XCConfigurationList section */
	};
	rootObject = 84954B181A056B840091E43E /* Project object */;
}
